
Microsoft Visual Studio Solution File, Format Version 12.00
# Visual Studio Version 16
VisualStudioVersion = 16.0.31105.61
MinimumVisualStudioVersion = 10.0.40219.1
Project("{9A19103F-16F7-4668-BE54-9A1E7A4F7556}") = "Calculator", "Calculator\Calculator.csproj", "{C7A626E2-7FF0-4EA4-9BA9-5D10B59B6E20}"
EndProject
Project("{9A19103F-16F7-4668-BE54-9A1E7A4F7556}") = "Console", "Console\Console.csproj", "{E97EAC55-029B-463D-ACAC-5212928CF3E5}"
EndProject
Project("{FAE04EC0-301F-11D3-BF4B-00C04F79EFBC}") = "Calculator.Tests", "Calculator.Tests\Calculator.Tests.csproj", "{7AAA93BC-E81B-4233-A3F1-3A8CD1BD3E66}"
EndProject
Global
	GlobalSection(SolutionConfigurationPlatforms) = preSolution
		Debug|Any CPU = Debug|Any CPU
		Release|Any CPU = Release|Any CPU
	EndGlobalSection
	GlobalSection(ProjectConfigurationPlatforms) = postSolution
		{C7A626E2-7FF0-4EA4-9BA9-5D10B59B6E20}.Debug|Any CPU.ActiveCfg = Debug|Any CPU
		{C7A626E2-7FF0-4EA4-9BA9-5D10B59B6E20}.Debug|Any CPU.Build.0 = Debug|Any CPU
		{C7A626E2-7FF0-4EA4-9BA9-5D10B59B6E20}.Release|Any CPU.ActiveCfg = Release|Any CPU
		{C7A626E2-7FF0-4EA4-9BA9-5D10B59B6E20}.Release|Any CPU.Build.0 = Release|Any CPU
		{E97EAC55-029B-463D-ACAC-5212928CF3E5}.Debug|Any CPU.ActiveCfg = Debug|Any CPU
		{E97EAC55-029B-463D-ACAC-5212928CF3E5}.Debug|Any CPU.Build.0 = Debug|Any CPU
		{E97EAC55-029B-463D-ACAC-5212928CF3E5}.Release|Any CPU.ActiveCfg = Release|Any CPU
		{E97EAC55-029B-463D-ACAC-5212928CF3E5}.Release|Any CPU.Build.0 = Release|Any CPU
		{7AAA93BC-E81B-4233-A3F1-3A8CD1BD3E66}.Debug|Any CPU.ActiveCfg = Debug|Any CPU
		{7AAA93BC-E81B-4233-A3F1-3A8CD1BD3E66}.Debug|Any CPU.Build.0 = Debug|Any CPU
		{7AAA93BC-E81B-4233-A3F1-3A8CD1BD3E66}.Release|Any CPU.ActiveCfg = Release|Any CPU
		{7AAA93BC-E81B-4233-A3F1-3A8CD1BD3E66}.Release|Any CPU.Build.0 = Release|Any CPU
	EndGlobalSection
	GlobalSection(SolutionProperties) = preSolution
		HideSolutionNode = FALSE
	EndGlobalSection
	GlobalSection(ExtensibilityGlobals) = postSolution
		SolutionGuid = {8736EC3E-A512-4D8E-BFA8-E71316F9294D}
	EndGlobalSection
EndGlobal
